
Microsoft Visual Studio Solution File, Format Version 12.00
# Visual Studio Version 17
VisualStudioVersion = 17.5.33530.505
MinimumVisualStudioVersion = 10.0.40219.1
Project("{FAE04EC0-301F-11D3-BF4B-00C04F79EFBC}") = "CarRentalWebApi", "CarRentalWebApi\CarRentalWebApi.csproj", "{C1980ADD-BA1B-4E27-AF2D-CFCDD6210684}"
EndProject
Project("{FAE04EC0-301F-11D3-BF4B-00C04F79EFBC}") = "Data Access Layer", "Data Access Layer\Data Access Layer.csproj", "{E98E86AB-8205-45CD-A511-8212431E646C}"
EndProject
Project("{FAE04EC0-301F-11D3-BF4B-00C04F79EFBC}") = "Business Layer", "Business Layer\Business Layer.csproj", "{4F80E17E-A461-422B-AC40-BDC8E6445462}"
EndProject
Global
	GlobalSection(SolutionConfigurationPlatforms) = preSolution
		Debug|Any CPU = Debug|Any CPU
		Release|Any CPU = Release|Any CPU
	EndGlobalSection
	GlobalSection(ProjectConfigurationPlatforms) = postSolution
		{C1980ADD-BA1B-4E27-AF2D-CFCDD6210684}.Debug|Any CPU.ActiveCfg = Debug|Any CPU
		{C1980ADD-BA1B-4E27-AF2D-CFCDD6210684}.Debug|Any CPU.Build.0 = Debug|Any CPU
		{C1980ADD-BA1B-4E27-AF2D-CFCDD6210684}.Release|Any CPU.ActiveCfg = Release|Any CPU
		{C1980ADD-BA1B-4E27-AF2D-CFCDD6210684}.Release|Any CPU.Build.0 = Release|Any CPU
		{E98E86AB-8205-45CD-A511-8212431E646C}.Debug|Any CPU.ActiveCfg = Debug|Any CPU
		{E98E86AB-8205-45CD-A511-8212431E646C}.Debug|Any CPU.Build.0 = Debug|Any CPU
		{E98E86AB-8205-45CD-A511-8212431E646C}.Release|Any CPU.ActiveCfg = Release|Any CPU
		{E98E86AB-8205-45CD-A511-8212431E646C}.Release|Any CPU.Build.0 = Release|Any CPU
		{4F80E17E-A461-422B-AC40-BDC8E6445462}.Debug|Any CPU.ActiveCfg = Debug|Any CPU
		{4F80E17E-A461-422B-AC40-BDC8E6445462}.Debug|Any CPU.Build.0 = Debug|Any CPU
		{4F80E17E-A461-422B-AC40-BDC8E6445462}.Release|Any CPU.ActiveCfg = Release|Any CPU
		{4F80E17E-A461-422B-AC40-BDC8E6445462}.Release|Any CPU.Build.0 = Release|Any CPU
	EndGlobalSection
	GlobalSection(SolutionProperties) = preSolution
		HideSolutionNode = FALSE
	EndGlobalSection
	GlobalSection(ExtensibilityGlobals) = postSolution
		SolutionGuid = {1AED0231-095C-4E4A-98A2-1869D875FB01}
	EndGlobalSection
EndGlobal
